
Microsoft Visual Studio Solution File, Format Version 12.00
Project("{FAE04EC0-301F-11D3-BF4B-00C04F79EFBC}") = "UniTrackBackend", "UniTrackBackend\UniTrackBackend.csproj", "{17334E40-BBE1-4767-A1E7-9E047E360570}"
EndProject
Project("{2150E333-8FDC-42A3-9474-1A3956D46DE8}") = "Data", "Data", "{DDA47C10-578A-4F05-B738-DF23648D080B}"
EndProject
Project("{FAE04EC0-301F-11D3-BF4B-00C04F79EFBC}") = "UniTrackBackend.Data.Models", "UniTrackBackend.Data.Models\UniTrackBackend.Data.Models.csproj", "{755B7C86-5A99-4BF2-8103-9DB03DB8F888}"
EndProject
Project("{FAE04EC0-301F-11D3-BF4B-00C04F79EFBC}") = "UniTrackBackend.Data", "UniTrackBackend.Data\UniTrackBackend.Data.csproj", "{851124B3-2001-481E-A4B9-E276398D2131}"
EndProject
Project("{FAE04EC0-301F-11D3-BF4B-00C04F79EFBC}") = "UniTrackBackend.Data.Commons", "UniTrackBackend.Data.Commons\UniTrackBackend.Data.Commons.csproj", "{672CB384-AF29-4658-9263-7E7EF5F83839}"
EndProject
Project("{2150E333-8FDC-42A3-9474-1A3956D46DE8}") = "Services", "Services", "{2DB35EE2-805E-4476-AD8E-4F9C6CF74C52}"
EndProject
Project("{FAE04EC0-301F-11D3-BF4B-00C04F79EFBC}") = "UniTrackBackend.Services", "UniTrackBackend.Services\UniTrackBackend.Services.csproj", "{E22D37EA-B386-4ABD-94C0-F40A8642C3A7}"
EndProject
Project("{FAE04EC0-301F-11D3-BF4B-00C04F79EFBC}") = "UniTrackBackend.Services.Mappings", "UniTrackBackend.Services.Mappings\UniTrackBackend.Services.Mappings.csproj", "{F69AE7D1-9966-4168-8B4B-7744B2D3F2FC}"
EndProject
Project("{2150E333-8FDC-42A3-9474-1A3956D46DE8}") = "Api", "Api", "{E878AC06-2561-4BE8-B168-83A827B56C04}"
EndProject
Project("{FAE04EC0-301F-11D3-BF4B-00C04F79EFBC}") = "UniTrackBackend.Api.ViewModels", "UniTrackBackend.Api.ViewModels\UniTrackBackend.Api.ViewModels.csproj", "{800C4A69-37B3-43B6-8FD2-00AEEF8C4770}"
EndProject
Project("{FAE04EC0-301F-11D3-BF4B-00C04F79EFBC}") = "UniTrackBackend.Services.Commons", "UniTrackBackend.Services.Commons\UniTrackBackend.Services.Commons.csproj", "{8A887F10-9049-4FE5-9712-D89545AE23FD}"
EndProject
Project("{2150E333-8FDC-42A3-9474-1A3956D46DE8}") = "Testing", "Testing", "{594EE8A9-074A-4106-8AE4-D49240D56BC9}"
EndProject
Project("{FAE04EC0-301F-11D3-BF4B-00C04F79EFBC}") = "UniTrackBackend.Services.Tests", "UniTrackBackend.Services.Tests\UniTrackBackend.Services.Tests.csproj", "{310985FE-8784-455F-A910-E3CC11C29FD6}"
EndProject
Project("{FAE04EC0-301F-11D3-BF4B-00C04F79EFBC}") = "UniTrackBackend.Api.Tests", "UniTrackBackend.Api.Tests\UniTrackBackend.Api.Tests.csproj", "{FE15BF9E-5934-44C1-98D0-EC32388AA523}"
EndProject
Global
	GlobalSection(SolutionConfigurationPlatforms) = preSolution
		Debug|Any CPU = Debug|Any CPU
		Release|Any CPU = Release|Any CPU
	EndGlobalSection
	GlobalSection(ProjectConfigurationPlatforms) = postSolution
		{17334E40-BBE1-4767-A1E7-9E047E360570}.Debug|Any CPU.ActiveCfg = Debug|Any CPU
		{17334E40-BBE1-4767-A1E7-9E047E360570}.Debug|Any CPU.Build.0 = Debug|Any CPU
		{17334E40-BBE1-4767-A1E7-9E047E360570}.Release|Any CPU.ActiveCfg = Release|Any CPU
		{17334E40-BBE1-4767-A1E7-9E047E360570}.Release|Any CPU.Build.0 = Release|Any CPU
		{755B7C86-5A99-4BF2-8103-9DB03DB8F888}.Debug|Any CPU.ActiveCfg = Debug|Any CPU
		{755B7C86-5A99-4BF2-8103-9DB03DB8F888}.Debug|Any CPU.Build.0 = Debug|Any CPU
		{755B7C86-5A99-4BF2-8103-9DB03DB8F888}.Release|Any CPU.ActiveCfg = Release|Any CPU
		{755B7C86-5A99-4BF2-8103-9DB03DB8F888}.Release|Any CPU.Build.0 = Release|Any CPU
		{851124B3-2001-481E-A4B9-E276398D2131}.Debug|Any CPU.ActiveCfg = Debug|Any CPU
		{851124B3-2001-481E-A4B9-E276398D2131}.Debug|Any CPU.Build.0 = Debug|Any CPU
		{851124B3-2001-481E-A4B9-E276398D2131}.Release|Any CPU.ActiveCfg = Release|Any CPU
		{851124B3-2001-481E-A4B9-E276398D2131}.Release|Any CPU.Build.0 = Release|Any CPU
		{672CB384-AF29-4658-9263-7E7EF5F83839}.Debug|Any CPU.ActiveCfg = Debug|Any CPU
		{672CB384-AF29-4658-9263-7E7EF5F83839}.Debug|Any CPU.Build.0 = Debug|Any CPU
		{672CB384-AF29-4658-9263-7E7EF5F83839}.Release|Any CPU.ActiveCfg = Release|Any CPU
		{672CB384-AF29-4658-9263-7E7EF5F83839}.Release|Any CPU.Build.0 = Release|Any CPU
		{E22D37EA-B386-4ABD-94C0-F40A8642C3A7}.Debug|Any CPU.ActiveCfg = Debug|Any CPU
		{E22D37EA-B386-4ABD-94C0-F40A8642C3A7}.Debug|Any CPU.Build.0 = Debug|Any CPU
		{E22D37EA-B386-4ABD-94C0-F40A8642C3A7}.Release|Any CPU.ActiveCfg = Release|Any CPU
		{E22D37EA-B386-4ABD-94C0-F40A8642C3A7}.Release|Any CPU.Build.0 = Release|Any CPU
		{F69AE7D1-9966-4168-8B4B-7744B2D3F2FC}.Debug|Any CPU.ActiveCfg = Debug|Any CPU
		{F69AE7D1-9966-4168-8B4B-7744B2D3F2FC}.Debug|Any CPU.Build.0 = Debug|Any CPU
		{F69AE7D1-9966-4168-8B4B-7744B2D3F2FC}.Release|Any CPU.ActiveCfg = Release|Any CPU
		{F69AE7D1-9966-4168-8B4B-7744B2D3F2FC}.Release|Any CPU.Build.0 = Release|Any CPU
		{800C4A69-37B3-43B6-8FD2-00AEEF8C4770}.Debug|Any CPU.ActiveCfg = Debug|Any CPU
		{800C4A69-37B3-43B6-8FD2-00AEEF8C4770}.Debug|Any CPU.Build.0 = Debug|Any CPU
		{800C4A69-37B3-43B6-8FD2-00AEEF8C4770}.Release|Any CPU.ActiveCfg = Release|Any CPU
		{800C4A69-37B3-43B6-8FD2-00AEEF8C4770}.Release|Any CPU.Build.0 = Release|Any CPU
		{8A887F10-9049-4FE5-9712-D89545AE23FD}.Debug|Any CPU.ActiveCfg = Debug|Any CPU
		{8A887F10-9049-4FE5-9712-D89545AE23FD}.Debug|Any CPU.Build.0 = Debug|Any CPU
		{8A887F10-9049-4FE5-9712-D89545AE23FD}.Release|Any CPU.ActiveCfg = Release|Any CPU
		{8A887F10-9049-4FE5-9712-D89545AE23FD}.Release|Any CPU.Build.0 = Release|Any CPU
		{310985FE-8784-455F-A910-E3CC11C29FD6}.Debug|Any CPU.ActiveCfg = Debug|Any CPU
		{310985FE-8784-455F-A910-E3CC11C29FD6}.Debug|Any CPU.Build.0 = Debug|Any CPU
		{310985FE-8784-455F-A910-E3CC11C29FD6}.Release|Any CPU.ActiveCfg = Release|Any CPU
		{310985FE-8784-455F-A910-E3CC11C29FD6}.Release|Any CPU.Build.0 = Release|Any CPU
		{FE15BF9E-5934-44C1-98D0-EC32388AA523}.Debug|Any CPU.ActiveCfg = Debug|Any CPU
		{FE15BF9E-5934-44C1-98D0-EC32388AA523}.Debug|Any CPU.Build.0 = Debug|Any CPU
		{FE15BF9E-5934-44C1-98D0-EC32388AA523}.Release|Any CPU.ActiveCfg = Release|Any CPU
		{FE15BF9E-5934-44C1-98D0-EC32388AA523}.Release|Any CPU.Build.0 = Release|Any CPU
	EndGlobalSection
	GlobalSection(NestedProjects) = preSolution
		{755B7C86-5A99-4BF2-8103-9DB03DB8F888} = {DDA47C10-578A-4F05-B738-DF23648D080B}
		{851124B3-2001-481E-A4B9-E276398D2131} = {DDA47C10-578A-4F05-B738-DF23648D080B}
		{672CB384-AF29-4658-9263-7E7EF5F83839} = {DDA47C10-578A-4F05-B738-DF23648D080B}
		{E22D37EA-B386-4ABD-94C0-F40A8642C3A7} = {2DB35EE2-805E-4476-AD8E-4F9C6CF74C52}
		{F69AE7D1-9966-4168-8B4B-7744B2D3F2FC} = {2DB35EE2-805E-4476-AD8E-4F9C6CF74C52}
		{17334E40-BBE1-4767-A1E7-9E047E360570} = {E878AC06-2561-4BE8-B168-83A827B56C04}
		{800C4A69-37B3-43B6-8FD2-00AEEF8C4770} = {E878AC06-2561-4BE8-B168-83A827B56C04}
		{8A887F10-9049-4FE5-9712-D89545AE23FD} = {2DB35EE2-805E-4476-AD8E-4F9C6CF74C52}
		{310985FE-8784-455F-A910-E3CC11C29FD6} = {594EE8A9-074A-4106-8AE4-D49240D56BC9}
		{FE15BF9E-5934-44C1-98D0-EC32388AA523} = {594EE8A9-074A-4106-8AE4-D49240D56BC9}
	EndGlobalSection
EndGlobal
